
Microsoft Visual Studio Solution File, Format Version 12.00
# Visual Studio Version 16
VisualStudioVersion = 16.0.31424.327
MinimumVisualStudioVersion = 10.0.40219.1
Project("{8BC9CEB8-8B4A-11D0-8D11-00A0C91BC942}") = "Simon_Game", "Simon_Game\Simon_Game.vcxproj", "{1FA5E5FC-A0B9-4AE5-8240-2E2BB8E8113E}"
EndProject
Global
	GlobalSection(SolutionConfigurationPlatforms) = preSolution
		Debug|x64 = Debug|x64
		Debug|x86 = Debug|x86
		Release|x64 = Release|x64
		Release|x86 = Release|x86
	EndGlobalSection
	GlobalSection(ProjectConfigurationPlatforms) = postSolution
		{1FA5E5FC-A0B9-4AE5-8240-2E2BB8E8113E}.Debug|x64.ActiveCfg = Debug|x64
		{1FA5E5FC-A0B9-4AE5-8240-2E2BB8E8113E}.Debug|x64.Build.0 = Debug|x64
		{1FA5E5FC-A0B9-4AE5-8240-2E2BB8E8113E}.Debug|x86.ActiveCfg = Debug|Win32
		{1FA5E5FC-A0B9-4AE5-8240-2E2BB8E8113E}.Debug|x86.Build.0 = Debug|Win32
		{1FA5E5FC-A0B9-4AE5-8240-2E2BB8E8113E}.Release|x64.ActiveCfg = Release|x64
		{1FA5E5FC-A0B9-4AE5-8240-2E2BB8E8113E}.Release|x64.Build.0 = Release|x64
		{1FA5E5FC-A0B9-4AE5-8240-2E2BB8E8113E}.Release|x86.ActiveCfg = Release|Win32
		{1FA5E5FC-A0B9-4AE5-8240-2E2BB8E8113E}.Release|x86.Build.0 = Release|Win32
	EndGlobalSection
	GlobalSection(SolutionProperties) = preSolution
		HideSolutionNode = FALSE
	EndGlobalSection
	GlobalSection(ExtensibilityGlobals) = postSolution
		SolutionGuid = {1806A8F1-E405-437C-BD3B-9DF9472C8025}
	EndGlobalSection
EndGlobal
